
Microsoft Visual Studio Solution File, Format Version 12.00
# Visual Studio Version 16
VisualStudioVersion = 16.0.30611.23
MinimumVisualStudioVersion = 10.0.40219.1
Project("{FAE04EC0-301F-11D3-BF4B-00C04F79EFBC}") = "hra", "hra\hra.csproj", "{108554CF-6D45-4FF0-A3D7-D65D4FBCBCD8}"
EndProject
Global
	GlobalSection(SolutionConfigurationPlatforms) = preSolution
		Debug|Any CPU = Debug|Any CPU
		Release|Any CPU = Release|Any CPU
	EndGlobalSection
	GlobalSection(ProjectConfigurationPlatforms) = postSolution
		{108554CF-6D45-4FF0-A3D7-D65D4FBCBCD8}.Debug|Any CPU.ActiveCfg = Debug|Any CPU
		{108554CF-6D45-4FF0-A3D7-D65D4FBCBCD8}.Debug|Any CPU.Build.0 = Debug|Any CPU
		{108554CF-6D45-4FF0-A3D7-D65D4FBCBCD8}.Release|Any CPU.ActiveCfg = Release|Any CPU
		{108554CF-6D45-4FF0-A3D7-D65D4FBCBCD8}.Release|Any CPU.Build.0 = Release|Any CPU
	EndGlobalSection
	GlobalSection(SolutionProperties) = preSolution
		HideSolutionNode = FALSE
	EndGlobalSection
	GlobalSection(ExtensibilityGlobals) = postSolution
		SolutionGuid = {364E792D-F95A-4999-9FC6-21DB6B4CC3C5}
	EndGlobalSection
EndGlobal
